
Microsoft Visual Studio Solution File, Format Version 12.00
# Visual Studio Version 17
VisualStudioVersion = 17.4.33205.214
MinimumVisualStudioVersion = 10.0.40219.1
Project("{FAE04EC0-301F-11D3-BF4B-00C04F79EFBC}") = "EstruturaDeRepeticao", "EstruturaDeRepeticao\EstruturaDeRepeticao.csproj", "{FD15D12F-8CF4-4B5F-BB05-7BDD7F1EBB09}"
EndProject
Global
	GlobalSection(SolutionConfigurationPlatforms) = preSolution
		Debug|Any CPU = Debug|Any CPU
		Release|Any CPU = Release|Any CPU
	EndGlobalSection
	GlobalSection(ProjectConfigurationPlatforms) = postSolution
		{FD15D12F-8CF4-4B5F-BB05-7BDD7F1EBB09}.Debug|Any CPU.ActiveCfg = Debug|Any CPU
		{FD15D12F-8CF4-4B5F-BB05-7BDD7F1EBB09}.Debug|Any CPU.Build.0 = Debug|Any CPU
		{FD15D12F-8CF4-4B5F-BB05-7BDD7F1EBB09}.Release|Any CPU.ActiveCfg = Release|Any CPU
		{FD15D12F-8CF4-4B5F-BB05-7BDD7F1EBB09}.Release|Any CPU.Build.0 = Release|Any CPU
	EndGlobalSection
	GlobalSection(SolutionProperties) = preSolution
		HideSolutionNode = FALSE
	EndGlobalSection
	GlobalSection(ExtensibilityGlobals) = postSolution
		SolutionGuid = {257FF79B-81F4-4079-999E-8F26BB13127D}
	EndGlobalSection
EndGlobal
