
Microsoft Visual Studio Solution File, Format Version 12.00
# Visual Studio Version 17
VisualStudioVersion = 17.4.33205.214
MinimumVisualStudioVersion = 10.0.40219.1
Project("{FAE04EC0-301F-11D3-BF4B-00C04F79EFBC}") = "Calculadora", "Calculadora\Calculadora.csproj", "{6277274D-006A-4193-B7BA-C81D08F9F613}"
EndProject
Global
	GlobalSection(SolutionConfigurationPlatforms) = preSolution
		Debug|Any CPU = Debug|Any CPU
		Release|Any CPU = Release|Any CPU
	EndGlobalSection
	GlobalSection(ProjectConfigurationPlatforms) = postSolution
		{6277274D-006A-4193-B7BA-C81D08F9F613}.Debug|Any CPU.ActiveCfg = Debug|Any CPU
		{6277274D-006A-4193-B7BA-C81D08F9F613}.Debug|Any CPU.Build.0 = Debug|Any CPU
		{6277274D-006A-4193-B7BA-C81D08F9F613}.Release|Any CPU.ActiveCfg = Release|Any CPU
		{6277274D-006A-4193-B7BA-C81D08F9F613}.Release|Any CPU.Build.0 = Release|Any CPU
	EndGlobalSection
	GlobalSection(SolutionProperties) = preSolution
		HideSolutionNode = FALSE
	EndGlobalSection
	GlobalSection(ExtensibilityGlobals) = postSolution
		SolutionGuid = {833CC2BD-B48C-42F9-9788-B1B73657E01F}
	EndGlobalSection
EndGlobal
